// !$*UTF8*$!
{
	archiveVersion = 1;
	classes = {
	};
	objectVersion = 56;
	objects = {

/* Begin PBXBuildFile section */
		5801636A2BA73C9B0050F057 /* SplashView.swift in Sources */ = {isa = PBXBuildFile; fileRef = 580163692BA73C9B0050F057 /* SplashView.swift */; };
		5801636F2BA7432F0050F057 /* HomeView.swift in Sources */ = {isa = PBXBuildFile; fileRef = 5801636E2BA7432F0050F057 /* HomeView.swift */; };
		580163712BA7435A0050F057 /* FavoriteView.swift in Sources */ = {isa = PBXBuildFile; fileRef = 580163702BA7435A0050F057 /* FavoriteView.swift */; };
		580163732BA7437B0050F057 /* CartView.swift in Sources */ = {isa = PBXBuildFile; fileRef = 580163722BA7437B0050F057 /* CartView.swift */; };
		580163752BA7439B0050F057 /* ProfileView.swift in Sources */ = {isa = PBXBuildFile; fileRef = 580163742BA7439B0050F057 /* ProfileView.swift */; };
		58A603DD2BA7366E00AACD31 /* ClothingApp2App.swift in Sources */ = {isa = PBXBuildFile; fileRef = 58A603DC2BA7366E00AACD31 /* ClothingApp2App.swift */; };
		58A603DF2BA7366E00AACD31 /* NavigationView.swift in Sources */ = {isa = PBXBuildFile; fileRef = 58A603DE2BA7366E00AACD31 /* NavigationView.swift */; };
		58A603E12BA7367000AACD31 /* Assets.xcassets in Resources */ = {isa = PBXBuildFile; fileRef = 58A603E02BA7367000AACD31 /* Assets.xcassets */; };
		58A603E42BA7367000AACD31 /* Preview Assets.xcassets in Resources */ = {isa = PBXBuildFile; fileRef = 58A603E32BA7367000AACD31 /* Preview Assets.xcassets */; };
		58CC9ABA2BA7ED260069A753 /* ExploreView.swift in Sources */ = {isa = PBXBuildFile; fileRef = 58CC9AB92BA7ED260069A753 /* ExploreView.swift */; };
/* End PBXBuildFile section */

/* Begin PBXFileReference section */
		580163692BA73C9B0050F057 /* SplashView.swift */ = {isa = PBXFileReference; lastKnownFileType = sourcecode.swift; path = SplashView.swift; sourceTree = "<group>"; };
		5801636E2BA7432F0050F057 /* HomeView.swift */ = {isa = PBXFileReference; lastKnownFileType = sourcecode.swift; path = HomeView.swift; sourceTree = "<group>"; };
		580163702BA7435A0050F057 /* FavoriteView.swift */ = {isa = PBXFileReference; lastKnownFileType = sourcecode.swift; path = FavoriteView.swift; sourceTree = "<group>"; };
		580163722BA7437B0050F057 /* CartView.swift */ = {isa = PBXFileReference; lastKnownFileType = sourcecode.swift; path = CartView.swift; sourceTree = "<group>"; };
		580163742BA7439B0050F057 /* ProfileView.swift */ = {isa = PBXFileReference; lastKnownFileType = sourcecode.swift; path = ProfileView.swift; sourceTree = "<group>"; };
		58A603D92BA7366E00AACD31 /* ClothingApp2.app */ = {isa = PBXFileReference; explicitFileType = wrapper.application; includeInIndex = 0; path = ClothingApp2.app; sourceTree = BUILT_PRODUCTS_DIR; };
		58A603DC2BA7366E00AACD31 /* ClothingApp2App.swift */ = {isa = PBXFileReference; lastKnownFileType = sourcecode.swift; path = ClothingApp2App.swift; sourceTree = "<group>"; };
		58A603DE2BA7366E00AACD31 /* NavigationView.swift */ = {isa = PBXFileReference; lastKnownFileType = sourcecode.swift; path = NavigationView.swift; sourceTree = "<group>"; };
		58A603E02BA7367000AACD31 /* Assets.xcassets */ = {isa = PBXFileReference; lastKnownFileType = folder.assetcatalog; path = Assets.xcassets; sourceTree = "<group>"; };
		58A603E32BA7367000AACD31 /* Preview Assets.xcassets */ = {isa = PBXFileReference; lastKnownFileType = folder.assetcatalog; path = "Preview Assets.xcassets"; sourceTree = "<group>"; };
		58CC9AB92BA7ED260069A753 /* ExploreView.swift */ = {isa = PBXFileReference; lastKnownFileType = sourcecode.swift; path = ExploreView.swift; sourceTree = "<group>"; };
/* End PBXFileReference section */

/* Begin PBXFrameworksBuildPhase section */
		58A603D62BA7366E00AACD31 /* Frameworks */ = {
			isa = PBXFrameworksBuildPhase;
			buildActionMask = 2147483647;
			files = (
			);
			runOnlyForDeploymentPostprocessing = 0;
		};
/* End PBXFrameworksBuildPhase section */

/* Begin PBXGroup section */
		5801636B2BA741DF0050F057 /* View */ = {
			isa = PBXGroup;
			children = (
				58A603DE2BA7366E00AACD31 /* NavigationView.swift */,
				580163692BA73C9B0050F057 /* SplashView.swift */,
				5801636E2BA7432F0050F057 /* HomeView.swift */,
				580163702BA7435A0050F057 /* FavoriteView.swift */,
				580163722BA7437B0050F057 /* CartView.swift */,
				580163742BA7439B0050F057 /* ProfileView.swift */,
				58CC9AB92BA7ED260069A753 /* ExploreView.swift */,
			);
			path = View;
			sourceTree = "<group>";
		};
		5801636C2BA741EE0050F057 /* Model */ = {
			isa = PBXGroup;
			children = (
			);
			path = Model;
			sourceTree = "<group>";
		};
		5801636D2BA742190050F057 /* ViewModel */ = {
			isa = PBXGroup;
			children = (
			);
			path = ViewModel;
			sourceTree = "<group>";
		};
		58A603D02BA7366E00AACD31 = {
			isa = PBXGroup;
			children = (
				58A603DB2BA7366E00AACD31 /* ClothingApp2 */,
				58A603DA2BA7366E00AACD31 /* Products */,
			);
			sourceTree = "<group>";
		};
		58A603DA2BA7366E00AACD31 /* Products */ = {
			isa = PBXGroup;
			children = (
				58A603D92BA7366E00AACD31 /* ClothingApp2.app */,
			);
			name = Products;
			sourceTree = "<group>";
		};
		58A603DB2BA7366E00AACD31 /* ClothingApp2 */ = {
			isa = PBXGroup;
			children = (
				5801636D2BA742190050F057 /* ViewModel */,
				5801636C2BA741EE0050F057 /* Model */,
				5801636B2BA741DF0050F057 /* View */,
				58A603DC2BA7366E00AACD31 /* ClothingApp2App.swift */,
				58A603E02BA7367000AACD31 /* Assets.xcassets */,
				58A603E22BA7367000AACD31 /* Preview Content */,
			);
			path = ClothingApp2;
			sourceTree = "<group>";
		};
		58A603E22BA7367000AACD31 /* Preview Content */ = {
			isa = PBXGroup;
			children = (
				58A603E32BA7367000AACD31 /* Preview Assets.xcassets */,
			);
			path = "Preview Content";
			sourceTree = "<group>";
		};
/* End PBXGroup section */

/* Begin PBXNativeTarget section */
		58A603D82BA7366E00AACD31 /* ClothingApp2 */ = {
			isa = PBXNativeTarget;
			buildConfigurationList = 58A603E72BA7367000AACD31 /* Build configuration list for PBXNativeTarget "ClothingApp2" */;
			buildPhases = (
				58A603D52BA7366E00AACD31 /* Sources */,
				58A603D62BA7366E00AACD31 /* Frameworks */,
				58A603D72BA7366E00AACD31 /* Resources */,
			);
			buildRules = (
			);
			dependencies = (
			);
			name = ClothingApp2;
			productName = ClothingApp2;
			productReference = 58A603D92BA7366E00AACD31 /* ClothingApp2.app */;
			productType = "com.apple.product-type.application";
		};
/* End PBXNativeTarget section */

/* Begin PBXProject section */
		58A603D12BA7366E00AACD31 /* Project object */ = {
			isa = PBXProject;
			attributes = {
				BuildIndependentTargetsInParallel = 1;
				LastSwiftUpdateCheck = 1500;
				LastUpgradeCheck = 1500;
				TargetAttributes = {
					58A603D82BA7366E00AACD31 = {
						CreatedOnToolsVersion = 15.0.1;
					};
				};
			};
			buildConfigurationList = 58A603D42BA7366E00AACD31 /* Build configuration list for PBXProject "ClothingApp2" */;
			compatibilityVersion = "Xcode 14.0";
			developmentRegion = en;
			hasScannedForEncodings = 0;
			knownRegions = (
				en,
				Base,
			);
			mainGroup = 58A603D02BA7366E00AACD31;
			productRefGroup = 58A603DA2BA7366E00AACD31 /* Products */;
			projectDirPath = "";
			projectRoot = "";
			targets = (
				58A603D82BA7366E00AACD31 /* ClothingApp2 */,
			);
		};
/* End PBXProject section */

/* Begin PBXResourcesBuildPhase section */
		58A603D72BA7366E00AACD31 /* Resources */ = {
			isa = PBXResourcesBuildPhase;
			buildActionMask = 2147483647;
			files = (
				58A603E42BA7367000AACD31 /* Preview Assets.xcassets in Resources */,
				58A603E12BA7367000AACD31 /* Assets.xcassets in Resources */,
			);
			runOnlyForDeploymentPostprocessing = 0;
		};
/* End PBXResourcesBuildPhase section */

/* Begin PBXSourcesBuildPhase section */
		58A603D52BA7366E00AACD31 /* Sources */ = {
			isa = PBXSourcesBuildPhase;
			buildActionMask = 2147483647;
			files = (
				580163732BA7437B0050F057 /* CartView.swift in Sources */,
				58A603DF2BA7366E00AACD31 /* NavigationView.swift in Sources */,
				5801636F2BA7432F0050F057 /* HomeView.swift in Sources */,
				58A603DD2BA7366E00AACD31 /* ClothingApp2App.swift in Sources */,
				580163712BA7435A0050F057 /* FavoriteView.swift in Sources */,
				580163752BA7439B0050F057 /* ProfileView.swift in Sources */,
				58CC9ABA2BA7ED260069A753 /* ExploreView.swift in Sources */,
				5801636A2BA73C9B0050F057 /* SplashView.swift in Sources */,
			);
			runOnlyForDeploymentPostprocessing = 0;
		};
/* End PBXSourcesBuildPhase section */

/* Begin XCBuildConfiguration section */
		58A603E52BA7367000AACD31 /* Debug */ = {
			isa = XCBuildConfiguration;
			buildSettings = {
				ALWAYS_SEARCH_USER_PATHS = NO;
				ASSETCATALOG_COMPILER_GENERATE_SWIFT_ASSET_SYMBOL_EXTENSIONS = YES;
				CLANG_ANALYZER_NONNULL = YES;
				CLANG_ANALYZER_NUMBER_OBJECT_CONVERSION = YES_AGGRESSIVE;
				CLANG_CXX_LANGUAGE_STANDARD = "gnu++20";
				CLANG_ENABLE_MODULES = YES;
				CLANG_ENABLE_OBJC_ARC = YES;
				CLANG_ENABLE_OBJC_WEAK = YES;
				CLANG_WARN_BLOCK_CAPTURE_AUTORELEASING = YES;
				CLANG_WARN_BOOL_CONVERSION = YES;
				CLANG_WARN_COMMA = YES;
				CLANG_WARN_CONSTANT_CONVERSION = YES;
				CLANG_WARN_DEPRECATED_OBJC_IMPLEMENTATIONS = YES;
				CLANG_WARN_DIRECT_OBJC_ISA_USAGE = YES_ERROR;
				CLANG_WARN_DOCUMENTATION_COMMENTS = YES;
				CLANG_WARN_EMPTY_BODY = YES;
				CLANG_WARN_ENUM_CONVERSION = YES;
				CLANG_WARN_INFINITE_RECURSION = YES;
				CLANG_WARN_INT_CONVERSION = YES;
				CLANG_WARN_NON_LITERAL_NULL_CONVERSION = YES;
				CLANG_WARN_OBJC_IMPLICIT_RETAIN_SELF = YES;
				CLANG_WARN_OBJC_LITERAL_CONVERSION = YES;
				CLANG_WARN_OBJC_ROOT_CLASS = YES_ERROR;
				CLANG_WARN_QUOTED_INCLUDE_IN_FRAMEWORK_HEADER = YES;
				CLANG_WARN_RANGE_LOOP_ANALYSIS = YES;
				CLANG_WARN_STRICT_PROTOTYPES = YES;
				CLANG_WARN_SUSPICIOUS_MOVE = YES;
				CLANG_WARN_UNGUARDED_AVAILABILITY = YES_AGGRESSIVE;
				CLANG_WARN_UNREACHABLE_CODE = YES;
				CLANG_WARN__DUPLICATE_METHOD_MATCH = YES;
				COPY_PHASE_STRIP = NO;
				DEBUG_INFORMATION_FORMAT = dwarf;
				ENABLE_STRICT_OBJC_MSGSEND = YES;
				ENABLE_TESTABILITY = YES;
				ENABLE_USER_SCRIPT_SANDBOXING = YES;
				GCC_C_LANGUAGE_STANDARD = gnu17;
				GCC_DYNAMIC_NO_PIC = NO;
				GCC_NO_COMMON_BLOCKS = YES;
				GCC_OPTIMIZATION_LEVEL = 0;
				GCC_PREPROCESSOR_DEFINITIONS = (
					"DEBUG=1",
					"$(inherited)",
				);
				GCC_WARN_64_TO_32_BIT_CONVERSION = YES;
				GCC_WARN_ABOUT_RETURN_TYPE = YES_ERROR;
				GCC_WARN_UNDECLARED_SELECTOR = YES;
				GCC_WARN_UNINITIALIZED_AUTOS = YES_AGGRESSIVE;
				GCC_WARN_UNUSED_FUNCTION = YES;
				GCC_WARN_UNUSED_VARIABLE = YES;
				IPHONEOS_DEPLOYMENT_TARGET = 17.0;
				LOCALIZATION_PREFERS_STRING_CATALOGS = YES;
				MTL_ENABLE_DEBUG_INFO = INCLUDE_SOURCE;
				MTL_FAST_MATH = YES;
				ONLY_ACTIVE_ARCH = YES;
				SDKROOT = iphoneos;
				SWIFT_ACTIVE_COMPILATION_CONDITIONS = "DEBUG $(inherited)";
				SWIFT_OPTIMIZATION_LEVEL = "-Onone";
			};
			name = Debug;
		};
		58A603E62BA7367000AACD31 /* Release */ = {
			isa = XCBuildConfiguration;
			buildSettings = {
				ALWAYS_SEARCH_USER_PATHS = NO;
				ASSETCATALOG_COMPILER_GENERATE_SWIFT_ASSET_SYMBOL_EXTENSIONS = YES;
				CLANG_ANALYZER_NONNULL = YES;
				CLANG_ANALYZER_NUMBER_OBJECT_CONVERSION = YES_AGGRESSIVE;
				CLANG_CXX_LANGUAGE_STANDARD = "gnu++20";
				CLANG_ENABLE_MODULES = YES;
				CLANG_ENABLE_OBJC_ARC = YES;
				CLANG_ENABLE_OBJC_WEAK = YES;
				CLANG_WARN_BLOCK_CAPTURE_AUTORELEASING = YES;
				CLANG_WARN_BOOL_CONVERSION = YES;
				CLANG_WARN_COMMA = YES;
				CLANG_WARN_CONSTANT_CONVERSION = YES;
				CLANG_WARN_DEPRECATED_OBJC_IMPLEMENTATIONS = YES;
				CLANG_WARN_DIRECT_OBJC_ISA_USAGE = YES_ERROR;
				CLANG_WARN_DOCUMENTATION_COMMENTS = YES;
				CLANG_WARN_EMPTY_BODY = YES;
				CLANG_WARN_ENUM_CONVERSION = YES;
				CLANG_WARN_INFINITE_RECURSION = YES;
				CLANG_WARN_INT_CONVERSION = YES;
				CLANG_WARN_NON_LITERAL_NULL_CONVERSION = YES;
				CLANG_WARN_OBJC_IMPLICIT_RETAIN_SELF = YES;
				CLANG_WARN_OBJC_LITERAL_CONVERSION = YES;
				CLANG_WARN_OBJC_ROOT_CLASS = YES_ERROR;
				CLANG_WARN_QUOTED_INCLUDE_IN_FRAMEWORK_HEADER = YES;
				CLANG_WARN_RANGE_LOOP_ANALYSIS = YES;
				CLANG_WARN_STRICT_PROTOTYPES = YES;
				CLANG_WARN_SUSPICIOUS_MOVE = YES;
				CLANG_WARN_UNGUARDED_AVAILABILITY = YES_AGGRESSIVE;
				CLANG_WARN_UNREACHABLE_CODE = YES;
				CLANG_WARN__DUPLICATE_METHOD_MATCH = YES;
				COPY_PHASE_STRIP = NO;
				DEBUG_INFORMATION_FORMAT = "dwarf-with-dsym";
				ENABLE_NS_ASSERTIONS = NO;
				ENABLE_STRICT_OBJC_MSGSEND = YES;
				ENABLE_USER_SCRIPT_SANDBOXING = YES;
				GCC_C_LANGUAGE_STANDARD = gnu17;
				GCC_NO_COMMON_BLOCKS = YES;
				GCC_WARN_64_TO_32_BIT_CONVERSION = YES;
				GCC_WARN_ABOUT_RETURN_TYPE = YES_ERROR;
				GCC_WARN_UNDECLARED_SELECTOR = YES;
				GCC_WARN_UNINITIALIZED_AUTOS = YES_AGGRESSIVE;
				GCC_WARN_UNUSED_FUNCTION = YES;
				GCC_WARN_UNUSED_VARIABLE = YES;
				IPHONEOS_DEPLOYMENT_TARGET = 17.0;
				LOCALIZATION_PREFERS_STRING_CATALOGS = YES;
				MTL_ENABLE_DEBUG_INFO = NO;
				MTL_FAST_MATH = YES;
				SDKROOT = iphoneos;
				SWIFT_COMPILATION_MODE = wholemodule;
				VALIDATE_PRODUCT = YES;
			};
			name = Release;
		};
		58A603E82BA7367000AACD31 /* Debug */ = {
			isa = XCBuildConfiguration;
			buildSettings = {
				ASSETCATALOG_COMPILER_APPICON_NAME = AppIcon;
				ASSETCATALOG_COMPILER_GLOBAL_ACCENT_COLOR_NAME = AccentColor;
				CODE_SIGN_STYLE = Automatic;
				CURRENT_PROJECT_VERSION = 1;
				DEVELOPMENT_ASSET_PATHS = "\"ClothingApp2/Preview Content\"";
				DEVELOPMENT_TEAM = 35XD3BQ6AN;
				ENABLE_PREVIEWS = YES;
				GENERATE_INFOPLIST_FILE = YES;
				INFOPLIST_KEY_UIApplicationSceneManifest_Generation = YES;
				INFOPLIST_KEY_UIApplicationSupportsIndirectInputEvents = YES;
				INFOPLIST_KEY_UILaunchScreen_Generation = YES;
				INFOPLIST_KEY_UISupportedInterfaceOrientations_iPad = "UIInterfaceOrientationPortrait UIInterfaceOrientationPortraitUpsideDown UIInterfaceOrientationLandscapeLeft UIInterfaceOrientationLandscapeRight";
				INFOPLIST_KEY_UISupportedInterfaceOrientations_iPhone = "UIInterfaceOrientationPortrait UIInterfaceOrientationLandscapeLeft UIInterfaceOrientationLandscapeRight";
				LD_RUNPATH_SEARCH_PATHS = (
					"$(inherited)",
					"@executable_path/Frameworks",
				);
				MARKETING_VERSION = 1.0;
				PRODUCT_BUNDLE_IDENTIFIER = nibm.ClothingApp2;
				PRODUCT_NAME = "$(TARGET_NAME)";
				SWIFT_EMIT_LOC_STRINGS = YES;
				SWIFT_VERSION = 5.0;
				TARGETED_DEVICE_FAMILY = "1,2";
			};
			name = Debug;
		};
		58A603E92BA7367000AACD31 /* Release */ = {
			isa = XCBuildConfiguration;
			buildSettings = {
				ASSETCATALOG_COMPILER_APPICON_NAME = AppIcon;
				ASSETCATALOG_COMPILER_GLOBAL_ACCENT_COLOR_NAME = AccentColor;
				CODE_SIGN_STYLE = Automatic;
				CURRENT_PROJECT_VERSION = 1;
				DEVELOPMENT_ASSET_PATHS = "\"ClothingApp2/Preview Content\"";
				DEVELOPMENT_TEAM = 35XD3BQ6AN;
				ENABLE_PREVIEWS = YES;
				GENERATE_INFOPLIST_FILE = YES;
				INFOPLIST_KEY_UIApplicationSceneManifest_Generation = YES;
				INFOPLIST_KEY_UIApplicationSupportsIndirectInputEvents = YES;
				INFOPLIST_KEY_UILaunchScreen_Generation = YES;
				INFOPLIST_KEY_UISupportedInterfaceOrientations_iPad = "UIInterfaceOrientationPortrait UIInterfaceOrientationPortraitUpsideDown UIInterfaceOrientationLandscapeLeft UIInterfaceOrientationLandscapeRight";
				INFOPLIST_KEY_UISupportedInterfaceOrientations_iPhone = "UIInterfaceOrientationPortrait UIInterfaceOrientationLandscapeLeft UIInterfaceOrientationLandscapeRight";
				LD_RUNPATH_SEARCH_PATHS = (
					"$(inherited)",
					"@executable_path/Frameworks",
				);
				MARKETING_VERSION = 1.0;
				PRODUCT_BUNDLE_IDENTIFIER = nibm.ClothingApp2;
				PRODUCT_NAME = "$(TARGET_NAME)";
				SWIFT_EMIT_LOC_STRINGS = YES;
				SWIFT_VERSION = 5.0;
				TARGETED_DEVICE_FAMILY = "1,2";
			};
			name = Release;
		};
/* End XCBuildConfiguration section */

/* Begin XCConfigurationList section */
		58A603D42BA7366E00AACD31 /* Build configuration list for PBXProject "ClothingApp2" */ = {
			isa = XCConfigurationList;
			buildConfigurations = (
				58A603E52BA7367000AACD31 /* Debug */,
				58A603E62BA7367000AACD31 /* Release */,
			);
			defaultConfigurationIsVisible = 0;
			defaultConfigurationName = Release;
		};
		58A603E72BA7367000AACD31 /* Build configuration list for PBXNativeTarget "ClothingApp2" */ = {
			isa = XCConfigurationList;
			buildConfigurations = (
				58A603E82BA7367000AACD31 /* Debug */,
				58A603E92BA7367000AACD31 /* Release */,
			);
			defaultConfigurationIsVisible = 0;
			defaultConfigurationName = Release;
		};
/* End XCConfigurationList section */
	};
	rootObject = 58A603D12BA7366E00AACD31 /* Project object */;
}
